// !$*UTF8*$!
{
	archiveVersion = 1;
	classes = {
	};
	objectVersion = 46;
	objects = {

/* Begin PBXBuildFile section */
		1712506C1EEF1532005288E3 /* Constants.swift in Sources */ = {isa = PBXBuildFile; fileRef = 1712506B1EEF1532005288E3 /* Constants.swift */; };
		171250721EEF154D005288E3 /* Globals.swift in Sources */ = {isa = PBXBuildFile; fileRef = 1712506D1EEF154D005288E3 /* Globals.swift */; };
		171250731EEF154D005288E3 /* Series.swift in Sources */ = {isa = PBXBuildFile; fileRef = 1712506E1EEF154D005288E3 /* Series.swift */; };
		171250741EEF154D005288E3 /* Sermon.swift in Sources */ = {isa = PBXBuildFile; fileRef = 1712506F1EEF154D005288E3 /* Sermon.swift */; };
		171250751EEF154D005288E3 /* Reachability.swift in Sources */ = {isa = PBXBuildFile; fileRef = 171250701EEF154D005288E3 /* Reachability.swift */; };
		1712507B1EEF1569005288E3 /* functions.swift in Sources */ = {isa = PBXBuildFile; fileRef = 171250771EEF1569005288E3 /* functions.swift */; };
		1712507C1EEF1569005288E3 /* MediaCollectionViewCell.swift in Sources */ = {isa = PBXBuildFile; fileRef = 171250781EEF1569005288E3 /* MediaCollectionViewCell.swift */; };
		1712507D1EEF1569005288E3 /* MediaCollectionViewController.swift in Sources */ = {isa = PBXBuildFile; fileRef = 171250791EEF1569005288E3 /* MediaCollectionViewController.swift */; };
		171250821EEF1582005288E3 /* MediaTableViewCell.swift in Sources */ = {isa = PBXBuildFile; fileRef = 1712507F1EEF1582005288E3 /* MediaTableViewCell.swift */; };
		171250831EEF1582005288E3 /* MediaViewController.swift in Sources */ = {isa = PBXBuildFile; fileRef = 171250801EEF1582005288E3 /* MediaViewController.swift */; };
		174021701EF2A4AE001967C1 /* PopoverTableViewController.swift in Sources */ = {isa = PBXBuildFile; fileRef = 1740216E1EF2A4AE001967C1 /* PopoverTableViewController.swift */; };
		174021711EF2A4AE001967C1 /* PopoverTableViewCell.swift in Sources */ = {isa = PBXBuildFile; fileRef = 1740216F1EF2A4AE001967C1 /* PopoverTableViewCell.swift */; };
		174ACCD31EF48B940056FCBC /* MediaPlayer.swift in Sources */ = {isa = PBXBuildFile; fileRef = 174ACCD21EF48B940056FCBC /* MediaPlayer.swift */; };
		17812B811EEEE10100894B45 /* AppDelegate.swift in Sources */ = {isa = PBXBuildFile; fileRef = 17812B801EEEE10100894B45 /* AppDelegate.swift */; };
		17812B881EEEE10100894B45 /* Main.storyboard in Resources */ = {isa = PBXBuildFile; fileRef = 17812B861EEEE10100894B45 /* Main.storyboard */; };
		17812B8A1EEEE10100894B45 /* Assets.xcassets in Resources */ = {isa = PBXBuildFile; fileRef = 17812B891EEEE10100894B45 /* Assets.xcassets */; };
		17812B951EEEE10100894B45 /* TWU_TVTests.swift in Sources */ = {isa = PBXBuildFile; fileRef = 17812B941EEEE10100894B45 /* TWU_TVTests.swift */; };
		17812BA01EEEE10100894B45 /* TWU_TVUITests.swift in Sources */ = {isa = PBXBuildFile; fileRef = 17812B9F1EEEE10100894B45 /* TWU_TVUITests.swift */; };
		17E9E5741EEF9E7300553408 /* fontawesome-webfont.ttf in Resources */ = {isa = PBXBuildFile; fileRef = 17FB80AB1EEF0824006B4010 /* fontawesome-webfont.ttf */; };
		17FB80AD1EEF08AD006B4010 /* Images.xcassets in Resources */ = {isa = PBXBuildFile; fileRef = 17FB80AC1EEF08AD006B4010 /* Images.xcassets */; };
/* End PBXBuildFile section */

/* Begin PBXContainerItemProxy section */
		17812B911EEEE10100894B45 /* PBXContainerItemProxy */ = {
			isa = PBXContainerItemProxy;
			containerPortal = 17812B751EEEE10100894B45 /* Project object */;
			proxyType = 1;
			remoteGlobalIDString = 17812B7C1EEEE10100894B45;
			remoteInfo = "TWU TV";
		};
		17812B9C1EEEE10100894B45 /* PBXContainerItemProxy */ = {
			isa = PBXContainerItemProxy;
			containerPortal = 17812B751EEEE10100894B45 /* Project object */;
			proxyType = 1;
			remoteGlobalIDString = 17812B7C1EEEE10100894B45;
			remoteInfo = "TWU TV";
		};
/* End PBXContainerItemProxy section */

/* Begin PBXFileReference section */
		1712506B1EEF1532005288E3 /* Constants.swift */ = {isa = PBXFileReference; fileEncoding = 4; lastKnownFileType = sourcecode.swift; path = Constants.swift; sourceTree = "<group>"; };
		1712506D1EEF154D005288E3 /* Globals.swift */ = {isa = PBXFileReference; fileEncoding = 4; lastKnownFileType = sourcecode.swift; path = Globals.swift; sourceTree = "<group>"; };
		1712506E1EEF154D005288E3 /* Series.swift */ = {isa = PBXFileReference; fileEncoding = 4; lastKnownFileType = sourcecode.swift; path = Series.swift; sourceTree = "<group>"; };
		1712506F1EEF154D005288E3 /* Sermon.swift */ = {isa = PBXFileReference; fileEncoding = 4; lastKnownFileType = sourcecode.swift; path = Sermon.swift; sourceTree = "<group>"; };
		171250701EEF154D005288E3 /* Reachability.swift */ = {isa = PBXFileReference; fileEncoding = 4; lastKnownFileType = sourcecode.swift; path = Reachability.swift; sourceTree = "<group>"; };
		171250771EEF1569005288E3 /* functions.swift */ = {isa = PBXFileReference; fileEncoding = 4; lastKnownFileType = sourcecode.swift; path = functions.swift; sourceTree = "<group>"; };
		171250781EEF1569005288E3 /* MediaCollectionViewCell.swift */ = {isa = PBXFileReference; fileEncoding = 4; lastKnownFileType = sourcecode.swift; path = MediaCollectionViewCell.swift; sourceTree = "<group>"; };
		171250791EEF1569005288E3 /* MediaCollectionViewController.swift */ = {isa = PBXFileReference; fileEncoding = 4; lastKnownFileType = sourcecode.swift; path = MediaCollectionViewController.swift; sourceTree = "<group>"; };
		1712507F1EEF1582005288E3 /* MediaTableViewCell.swift */ = {isa = PBXFileReference; fileEncoding = 4; lastKnownFileType = sourcecode.swift; path = MediaTableViewCell.swift; sourceTree = "<group>"; };
		171250801EEF1582005288E3 /* MediaViewController.swift */ = {isa = PBXFileReference; fileEncoding = 4; lastKnownFileType = sourcecode.swift; path = MediaViewController.swift; sourceTree = "<group>"; };
		1740216E1EF2A4AE001967C1 /* PopoverTableViewController.swift */ = {isa = PBXFileReference; fileEncoding = 4; lastKnownFileType = sourcecode.swift; path = PopoverTableViewController.swift; sourceTree = "<group>"; };
		1740216F1EF2A4AE001967C1 /* PopoverTableViewCell.swift */ = {isa = PBXFileReference; fileEncoding = 4; lastKnownFileType = sourcecode.swift; path = PopoverTableViewCell.swift; sourceTree = "<group>"; };
		174ACCD21EF48B940056FCBC /* MediaPlayer.swift */ = {isa = PBXFileReference; fileEncoding = 4; lastKnownFileType = sourcecode.swift; path = MediaPlayer.swift; sourceTree = "<group>"; };
		17812B7D1EEEE10100894B45 /* TWU TV.app */ = {isa = PBXFileReference; explicitFileType = wrapper.application; includeInIndex = 0; path = "TWU TV.app"; sourceTree = BUILT_PRODUCTS_DIR; };
		17812B801EEEE10100894B45 /* AppDelegate.swift */ = {isa = PBXFileReference; lastKnownFileType = sourcecode.swift; path = AppDelegate.swift; sourceTree = "<group>"; };
		17812B871EEEE10100894B45 /* Base */ = {isa = PBXFileReference; lastKnownFileType = file.storyboard; name = Base; path = Base.lproj/Main.storyboard; sourceTree = "<group>"; };
		17812B891EEEE10100894B45 /* Assets.xcassets */ = {isa = PBXFileReference; lastKnownFileType = folder.assetcatalog; path = Assets.xcassets; sourceTree = "<group>"; };
		17812B8B1EEEE10100894B45 /* Info.plist */ = {isa = PBXFileReference; lastKnownFileType = text.plist.xml; path = Info.plist; sourceTree = "<group>"; };
		17812B901EEEE10100894B45 /* TWU TVTests.xctest */ = {isa = PBXFileReference; explicitFileType = wrapper.cfbundle; includeInIndex = 0; path = "TWU TVTests.xctest"; sourceTree = BUILT_PRODUCTS_DIR; };
		17812B941EEEE10100894B45 /* TWU_TVTests.swift */ = {isa = PBXFileReference; lastKnownFileType = sourcecode.swift; path = TWU_TVTests.swift; sourceTree = "<group>"; };
		17812B961EEEE10100894B45 /* Info.plist */ = {isa = PBXFileReference; lastKnownFileType = text.plist.xml; path = Info.plist; sourceTree = "<group>"; };
		17812B9B1EEEE10100894B45 /* TWU TVUITests.xctest */ = {isa = PBXFileReference; explicitFileType = wrapper.cfbundle; includeInIndex = 0; path = "TWU TVUITests.xctest"; sourceTree = BUILT_PRODUCTS_DIR; };
		17812B9F1EEEE10100894B45 /* TWU_TVUITests.swift */ = {isa = PBXFileReference; lastKnownFileType = sourcecode.swift; path = TWU_TVUITests.swift; sourceTree = "<group>"; };
		17812BA11EEEE10100894B45 /* Info.plist */ = {isa = PBXFileReference; lastKnownFileType = text.plist.xml; path = Info.plist; sourceTree = "<group>"; };
		17FB80AB1EEF0824006B4010 /* fontawesome-webfont.ttf */ = {isa = PBXFileReference; lastKnownFileType = file; path = "fontawesome-webfont.ttf"; sourceTree = "<group>"; };
		17FB80AC1EEF08AD006B4010 /* Images.xcassets */ = {isa = PBXFileReference; lastKnownFileType = folder.assetcatalog; path = Images.xcassets; sourceTree = "<group>"; };
/* End PBXFileReference section */

/* Begin PBXFrameworksBuildPhase section */
		17812B7A1EEEE10100894B45 /* Frameworks */ = {
			isa = PBXFrameworksBuildPhase;
			buildActionMask = 2147483647;
			files = (
			);
			runOnlyForDeploymentPostprocessing = 0;
		};
		17812B8D1EEEE10100894B45 /* Frameworks */ = {
			isa = PBXFrameworksBuildPhase;
			buildActionMask = 2147483647;
			files = (
			);
			runOnlyForDeploymentPostprocessing = 0;
		};
		17812B981EEEE10100894B45 /* Frameworks */ = {
			isa = PBXFrameworksBuildPhase;
			buildActionMask = 2147483647;
			files = (
			);
			runOnlyForDeploymentPostprocessing = 0;
		};
/* End PBXFrameworksBuildPhase section */

/* Begin PBXGroup section */
		17812B741EEEE10100894B45 = {
			isa = PBXGroup;
			children = (
				17812B7F1EEEE10100894B45 /* TWU TV */,
				17812B931EEEE10100894B45 /* TWU TVTests */,
				17812B9E1EEEE10100894B45 /* TWU TVUITests */,
				17812B7E1EEEE10100894B45 /* Products */,
			);
			sourceTree = "<group>";
		};
		17812B7E1EEEE10100894B45 /* Products */ = {
			isa = PBXGroup;
			children = (
				17812B7D1EEEE10100894B45 /* TWU TV.app */,
				17812B901EEEE10100894B45 /* TWU TVTests.xctest */,
				17812B9B1EEEE10100894B45 /* TWU TVUITests.xctest */,
			);
			name = Products;
			sourceTree = "<group>";
		};
		17812B7F1EEEE10100894B45 /* TWU TV */ = {
			isa = PBXGroup;
			children = (
				17812B801EEEE10100894B45 /* AppDelegate.swift */,
				1712506B1EEF1532005288E3 /* Constants.swift */,
				174ACCD21EF48B940056FCBC /* MediaPlayer.swift */,
				1712506D1EEF154D005288E3 /* Globals.swift */,
				1712506E1EEF154D005288E3 /* Series.swift */,
				1712506F1EEF154D005288E3 /* Sermon.swift */,
				171250771EEF1569005288E3 /* functions.swift */,
				171250781EEF1569005288E3 /* MediaCollectionViewCell.swift */,
				171250791EEF1569005288E3 /* MediaCollectionViewController.swift */,
				1712507F1EEF1582005288E3 /* MediaTableViewCell.swift */,
				171250801EEF1582005288E3 /* MediaViewController.swift */,
				1740216E1EF2A4AE001967C1 /* PopoverTableViewController.swift */,
				1740216F1EF2A4AE001967C1 /* PopoverTableViewCell.swift */,
				171250701EEF154D005288E3 /* Reachability.swift */,
				17812B861EEEE10100894B45 /* Main.storyboard */,
				17FB80AB1EEF0824006B4010 /* fontawesome-webfont.ttf */,
				17812B891EEEE10100894B45 /* Assets.xcassets */,
				17FB80AC1EEF08AD006B4010 /* Images.xcassets */,
				17812B8B1EEEE10100894B45 /* Info.plist */,
			);
			path = "TWU TV";
			sourceTree = "<group>";
		};
		17812B931EEEE10100894B45 /* TWU TVTests */ = {
			isa = PBXGroup;
			children = (
				17812B941EEEE10100894B45 /* TWU_TVTests.swift */,
				17812B961EEEE10100894B45 /* Info.plist */,
			);
			path = "TWU TVTests";
			sourceTree = "<group>";
		};
		17812B9E1EEEE10100894B45 /* TWU TVUITests */ = {
			isa = PBXGroup;
			children = (
				17812B9F1EEEE10100894B45 /* TWU_TVUITests.swift */,
				17812BA11EEEE10100894B45 /* Info.plist */,
			);
			path = "TWU TVUITests";
			sourceTree = "<group>";
		};
/* End PBXGroup section */

/* Begin PBXNativeTarget section */
		17812B7C1EEEE10100894B45 /* TWU TV */ = {
			isa = PBXNativeTarget;
			buildConfigurationList = 17812BA41EEEE10100894B45 /* Build configuration list for PBXNativeTarget "TWU TV" */;
			buildPhases = (
				17812B791EEEE10100894B45 /* Sources */,
				17812B7A1EEEE10100894B45 /* Frameworks */,
				17812B7B1EEEE10100894B45 /* Resources */,
			);
			buildRules = (
			);
			dependencies = (
			);
			name = "TWU TV";
			productName = "TWU TV";
			productReference = 17812B7D1EEEE10100894B45 /* TWU TV.app */;
			productType = "com.apple.product-type.application";
		};
		17812B8F1EEEE10100894B45 /* TWU TVTests */ = {
			isa = PBXNativeTarget;
			buildConfigurationList = 17812BA71EEEE10100894B45 /* Build configuration list for PBXNativeTarget "TWU TVTests" */;
			buildPhases = (
				17812B8C1EEEE10100894B45 /* Sources */,
				17812B8D1EEEE10100894B45 /* Frameworks */,
				17812B8E1EEEE10100894B45 /* Resources */,
			);
			buildRules = (
			);
			dependencies = (
				17812B921EEEE10100894B45 /* PBXTargetDependency */,
			);
			name = "TWU TVTests";
			productName = "TWU TVTests";
			productReference = 17812B901EEEE10100894B45 /* TWU TVTests.xctest */;
			productType = "com.apple.product-type.bundle.unit-test";
		};
		17812B9A1EEEE10100894B45 /* TWU TVUITests */ = {
			isa = PBXNativeTarget;
			buildConfigurationList = 17812BAA1EEEE10100894B45 /* Build configuration list for PBXNativeTarget "TWU TVUITests" */;
			buildPhases = (
				17812B971EEEE10100894B45 /* Sources */,
				17812B981EEEE10100894B45 /* Frameworks */,
				17812B991EEEE10100894B45 /* Resources */,
			);
			buildRules = (
			);
			dependencies = (
				17812B9D1EEEE10100894B45 /* PBXTargetDependency */,
			);
			name = "TWU TVUITests";
			productName = "TWU TVUITests";
			productReference = 17812B9B1EEEE10100894B45 /* TWU TVUITests.xctest */;
			productType = "com.apple.product-type.bundle.ui-testing";
		};
/* End PBXNativeTarget section */

/* Begin PBXProject section */
		17812B751EEEE10100894B45 /* Project object */ = {
			isa = PBXProject;
			attributes = {
				LastSwiftUpdateCheck = 0830;
				LastUpgradeCheck = 0900;
				ORGANIZATIONNAME = "Countryside Bible Church";
				TargetAttributes = {
					17812B7C1EEEE10100894B45 = {
						CreatedOnToolsVersion = 8.3.3;
						DevelopmentTeam = 35U7HMB59T;
						ProvisioningStyle = Automatic;
						SystemCapabilities = {
							com.apple.BackgroundModes.appletvos = {
								enabled = 1;
							};
						};
					};
					17812B8F1EEEE10100894B45 = {
						CreatedOnToolsVersion = 8.3.3;
						DevelopmentTeam = 35U7HMB59T;
						ProvisioningStyle = Automatic;
						TestTargetID = 17812B7C1EEEE10100894B45;
					};
					17812B9A1EEEE10100894B45 = {
						CreatedOnToolsVersion = 8.3.3;
						DevelopmentTeam = 35U7HMB59T;
						ProvisioningStyle = Automatic;
						TestTargetID = 17812B7C1EEEE10100894B45;
					};
				};
			};
			buildConfigurationList = 17812B781EEEE10100894B45 /* Build configuration list for PBXProject "TWU TV" */;
			compatibilityVersion = "Xcode 3.2";
			developmentRegion = English;
			hasScannedForEncodings = 0;
			knownRegions = (
				en,
				Base,
			);
			mainGroup = 17812B741EEEE10100894B45;
			productRefGroup = 17812B7E1EEEE10100894B45 /* Products */;
			projectDirPath = "";
			projectRoot = "";
			targets = (
				17812B7C1EEEE10100894B45 /* TWU TV */,
				17812B8F1EEEE10100894B45 /* TWU TVTests */,
				17812B9A1EEEE10100894B45 /* TWU TVUITests */,
			);
		};
/* End PBXProject section */

/* Begin PBXResourcesBuildPhase section */
		17812B7B1EEEE10100894B45 /* Resources */ = {
			isa = PBXResourcesBuildPhase;
			buildActionMask = 2147483647;
			files = (
				17E9E5741EEF9E7300553408 /* fontawesome-webfont.ttf in Resources */,
				17FB80AD1EEF08AD006B4010 /* Images.xcassets in Resources */,
				17812B8A1EEEE10100894B45 /* Assets.xcassets in Resources */,
				17812B881EEEE10100894B45 /* Main.storyboard in Resources */,
			);
			runOnlyForDeploymentPostprocessing = 0;
		};
		17812B8E1EEEE10100894B45 /* Resources */ = {
			isa = PBXResourcesBuildPhase;
			buildActionMask = 2147483647;
			files = (
			);
			runOnlyForDeploymentPostprocessing = 0;
		};
		17812B991EEEE10100894B45 /* Resources */ = {
			isa = PBXResourcesBuildPhase;
			buildActionMask = 2147483647;
			files = (
			);
			runOnlyForDeploymentPostprocessing = 0;
		};
/* End PBXResourcesBuildPhase section */

/* Begin PBXSourcesBuildPhase section */
		17812B791EEEE10100894B45 /* Sources */ = {
			isa = PBXSourcesBuildPhase;
			buildActionMask = 2147483647;
			files = (
				17812B811EEEE10100894B45 /* AppDelegate.swift in Sources */,
				1712507C1EEF1569005288E3 /* MediaCollectionViewCell.swift in Sources */,
				1712506C1EEF1532005288E3 /* Constants.swift in Sources */,
				171250751EEF154D005288E3 /* Reachability.swift in Sources */,
				174021701EF2A4AE001967C1 /* PopoverTableViewController.swift in Sources */,
				1712507B1EEF1569005288E3 /* functions.swift in Sources */,
				171250831EEF1582005288E3 /* MediaViewController.swift in Sources */,
				171250741EEF154D005288E3 /* Sermon.swift in Sources */,
				174021711EF2A4AE001967C1 /* PopoverTableViewCell.swift in Sources */,
				171250731EEF154D005288E3 /* Series.swift in Sources */,
				1712507D1EEF1569005288E3 /* MediaCollectionViewController.swift in Sources */,
				171250821EEF1582005288E3 /* MediaTableViewCell.swift in Sources */,
				171250721EEF154D005288E3 /* Globals.swift in Sources */,
				174ACCD31EF48B940056FCBC /* MediaPlayer.swift in Sources */,
			);
			runOnlyForDeploymentPostprocessing = 0;
		};
		17812B8C1EEEE10100894B45 /* Sources */ = {
			isa = PBXSourcesBuildPhase;
			buildActionMask = 2147483647;
			files = (
				17812B951EEEE10100894B45 /* TWU_TVTests.swift in Sources */,
			);
			runOnlyForDeploymentPostprocessing = 0;
		};
		17812B971EEEE10100894B45 /* Sources */ = {
			isa = PBXSourcesBuildPhase;
			buildActionMask = 2147483647;
			files = (
				17812BA01EEEE10100894B45 /* TWU_TVUITests.swift in Sources */,
			);
			runOnlyForDeploymentPostprocessing = 0;
		};
/* End PBXSourcesBuildPhase section */

/* Begin PBXTargetDependency section */
		17812B921EEEE10100894B45 /* PBXTargetDependency */ = {
			isa = PBXTargetDependency;
			target = 17812B7C1EEEE10100894B45 /* TWU TV */;
			targetProxy = 17812B911EEEE10100894B45 /* PBXContainerItemProxy */;
		};
		17812B9D1EEEE10100894B45 /* PBXTargetDependency */ = {
			isa = PBXTargetDependency;
			target = 17812B7C1EEEE10100894B45 /* TWU TV */;
			targetProxy = 17812B9C1EEEE10100894B45 /* PBXContainerItemProxy */;
		};
/* End PBXTargetDependency section */

/* Begin PBXVariantGroup section */
		17812B861EEEE10100894B45 /* Main.storyboard */ = {
			isa = PBXVariantGroup;
			children = (
				17812B871EEEE10100894B45 /* Base */,
			);
			name = Main.storyboard;
			sourceTree = "<group>";
		};
/* End PBXVariantGroup section */

/* Begin XCBuildConfiguration section */
		17812BA21EEEE10100894B45 /* Debug */ = {
			isa = XCBuildConfiguration;
			buildSettings = {
				ALWAYS_SEARCH_USER_PATHS = NO;
				CLANG_ANALYZER_NONNULL = YES;
				CLANG_ANALYZER_NUMBER_OBJECT_CONVERSION = YES_AGGRESSIVE;
				CLANG_CXX_LANGUAGE_STANDARD = "gnu++0x";
				CLANG_CXX_LIBRARY = "libc++";
				CLANG_ENABLE_MODULES = YES;
				CLANG_ENABLE_OBJC_ARC = YES;
				CLANG_WARN_BLOCK_CAPTURE_AUTORELEASING = YES;
				CLANG_WARN_BOOL_CONVERSION = YES;
				CLANG_WARN_COMMA = YES;
				CLANG_WARN_CONSTANT_CONVERSION = YES;
				CLANG_WARN_DIRECT_OBJC_ISA_USAGE = YES_ERROR;
				CLANG_WARN_DOCUMENTATION_COMMENTS = YES;
				CLANG_WARN_EMPTY_BODY = YES;
				CLANG_WARN_ENUM_CONVERSION = YES;
				CLANG_WARN_INFINITE_RECURSION = YES;
				CLANG_WARN_INT_CONVERSION = YES;
				CLANG_WARN_NON_LITERAL_NULL_CONVERSION = YES;
				CLANG_WARN_OBJC_LITERAL_CONVERSION = YES;
				CLANG_WARN_OBJC_ROOT_CLASS = YES_ERROR;
				CLANG_WARN_RANGE_LOOP_ANALYSIS = YES;
				CLANG_WARN_STRICT_PROTOTYPES = YES;
				CLANG_WARN_SUSPICIOUS_MOVE = YES;
				CLANG_WARN_UNREACHABLE_CODE = YES;
				CLANG_WARN__DUPLICATE_METHOD_MATCH = YES;
				COPY_PHASE_STRIP = NO;
				DEBUG_INFORMATION_FORMAT = dwarf;
				ENABLE_STRICT_OBJC_MSGSEND = YES;
				ENABLE_TESTABILITY = YES;
				GCC_C_LANGUAGE_STANDARD = gnu99;
				GCC_DYNAMIC_NO_PIC = NO;
				GCC_NO_COMMON_BLOCKS = YES;
				GCC_OPTIMIZATION_LEVEL = 0;
				GCC_PREPROCESSOR_DEFINITIONS = (
					"DEBUG=1",
					"$(inherited)",
				);
				GCC_WARN_64_TO_32_BIT_CONVERSION = YES;
				GCC_WARN_ABOUT_RETURN_TYPE = YES_ERROR;
				GCC_WARN_UNDECLARED_SELECTOR = YES;
				GCC_WARN_UNINITIALIZED_AUTOS = YES_AGGRESSIVE;
				GCC_WARN_UNUSED_FUNCTION = YES;
				GCC_WARN_UNUSED_VARIABLE = YES;
				MTL_ENABLE_DEBUG_INFO = YES;
				ONLY_ACTIVE_ARCH = YES;
				SDKROOT = appletvos;
				SWIFT_ACTIVE_COMPILATION_CONDITIONS = DEBUG;
				SWIFT_OPTIMIZATION_LEVEL = "-Onone";
				TARGETED_DEVICE_FAMILY = 3;
				TVOS_DEPLOYMENT_TARGET = 10.2;
			};
			name = Debug;
		};
		17812BA31EEEE10100894B45 /* Release */ = {
			isa = XCBuildConfiguration;
			buildSettings = {
				ALWAYS_SEARCH_USER_PATHS = NO;
				CLANG_ANALYZER_NONNULL = YES;
				CLANG_ANALYZER_NUMBER_OBJECT_CONVERSION = YES_AGGRESSIVE;
				CLANG_CXX_LANGUAGE_STANDARD = "gnu++0x";
				CLANG_CXX_LIBRARY = "libc++";
				CLANG_ENABLE_MODULES = YES;
				CLANG_ENABLE_OBJC_ARC = YES;
				CLANG_WARN_BLOCK_CAPTURE_AUTORELEASING = YES;
				CLANG_WARN_BOOL_CONVERSION = YES;
				CLANG_WARN_COMMA = YES;
				CLANG_WARN_CONSTANT_CONVERSION = YES;
				CLANG_WARN_DIRECT_OBJC_ISA_USAGE = YES_ERROR;
				CLANG_WARN_DOCUMENTATION_COMMENTS = YES;
				CLANG_WARN_EMPTY_BODY = YES;
				CLANG_WARN_ENUM_CONVERSION = YES;
				CLANG_WARN_INFINITE_RECURSION = YES;
				CLANG_WARN_INT_CONVERSION = YES;
				CLANG_WARN_NON_LITERAL_NULL_CONVERSION = YES;
				CLANG_WARN_OBJC_LITERAL_CONVERSION = YES;
				CLANG_WARN_OBJC_ROOT_CLASS = YES_ERROR;
				CLANG_WARN_RANGE_LOOP_ANALYSIS = YES;
				CLANG_WARN_STRICT_PROTOTYPES = YES;
				CLANG_WARN_SUSPICIOUS_MOVE = YES;
				CLANG_WARN_UNREACHABLE_CODE = YES;
				CLANG_WARN__DUPLICATE_METHOD_MATCH = YES;
				COPY_PHASE_STRIP = NO;
				DEBUG_INFORMATION_FORMAT = "dwarf-with-dsym";
				ENABLE_NS_ASSERTIONS = NO;
				ENABLE_STRICT_OBJC_MSGSEND = YES;
				GCC_C_LANGUAGE_STANDARD = gnu99;
				GCC_NO_COMMON_BLOCKS = YES;
				GCC_WARN_64_TO_32_BIT_CONVERSION = YES;
				GCC_WARN_ABOUT_RETURN_TYPE = YES_ERROR;
				GCC_WARN_UNDECLARED_SELECTOR = YES;
				GCC_WARN_UNINITIALIZED_AUTOS = YES_AGGRESSIVE;
				GCC_WARN_UNUSED_FUNCTION = YES;
				GCC_WARN_UNUSED_VARIABLE = YES;
				MTL_ENABLE_DEBUG_INFO = NO;
				SDKROOT = appletvos;
				SWIFT_OPTIMIZATION_LEVEL = "-Owholemodule";
				TARGETED_DEVICE_FAMILY = 3;
				TVOS_DEPLOYMENT_TARGET = 10.2;
				VALIDATE_PRODUCT = YES;
			};
			name = Release;
		};
		17812BA51EEEE10100894B45 /* Debug */ = {
			isa = XCBuildConfiguration;
			buildSettings = {
				ASSETCATALOG_COMPILER_APPICON_NAME = "App Icon & Top Shelf Image";
				ASSETCATALOG_COMPILER_LAUNCHIMAGE_NAME = LaunchImage;
				DEVELOPMENT_TEAM = 35U7HMB59T;
				INFOPLIST_FILE = "TWU TV/Info.plist";
				LD_RUNPATH_SEARCH_PATHS = "$(inherited) @executable_path/Frameworks";
				PRODUCT_BUNDLE_IDENTIFIER = "org.countrysidebible.TWU-TV";
				PRODUCT_NAME = "$(TARGET_NAME)";
				SWIFT_VERSION = 3.0;
				TVOS_DEPLOYMENT_TARGET = 10.0;
			};
			name = Debug;
		};
		17812BA61EEEE10100894B45 /* Release */ = {
			isa = XCBuildConfiguration;
			buildSettings = {
				ASSETCATALOG_COMPILER_APPICON_NAME = "App Icon & Top Shelf Image";
				ASSETCATALOG_COMPILER_LAUNCHIMAGE_NAME = LaunchImage;
				DEVELOPMENT_TEAM = 35U7HMB59T;
				INFOPLIST_FILE = "TWU TV/Info.plist";
				LD_RUNPATH_SEARCH_PATHS = "$(inherited) @executable_path/Frameworks";
				PRODUCT_BUNDLE_IDENTIFIER = "org.countrysidebible.TWU-TV";
				PRODUCT_NAME = "$(TARGET_NAME)";
				SWIFT_VERSION = 3.0;
				TVOS_DEPLOYMENT_TARGET = 10.0;
			};
			name = Release;
		};
		17812BA81EEEE10100894B45 /* Debug */ = {
			isa = XCBuildConfiguration;
			buildSettings = {
				ALWAYS_EMBED_SWIFT_STANDARD_LIBRARIES = YES;
				BUNDLE_LOADER = "$(TEST_HOST)";
				DEVELOPMENT_TEAM = 35U7HMB59T;
				INFOPLIST_FILE = "TWU TVTests/Info.plist";
				LD_RUNPATH_SEARCH_PATHS = "$(inherited) @executable_path/Frameworks @loader_path/Frameworks";
				PRODUCT_BUNDLE_IDENTIFIER = "org.countrysidebible.TWU-TVTests";
				PRODUCT_NAME = "$(TARGET_NAME)";
				SWIFT_VERSION = 3.0;
				TEST_HOST = "$(BUILT_PRODUCTS_DIR)/TWU TV.app/TWU TV";
			};
			name = Debug;
		};
		17812BA91EEEE10100894B45 /* Release */ = {
			isa = XCBuildConfiguration;
			buildSettings = {
				ALWAYS_EMBED_SWIFT_STANDARD_LIBRARIES = YES;
				BUNDLE_LOADER = "$(TEST_HOST)";
				DEVELOPMENT_TEAM = 35U7HMB59T;
				INFOPLIST_FILE = "TWU TVTests/Info.plist";
				LD_RUNPATH_SEARCH_PATHS = "$(inherited) @executable_path/Frameworks @loader_path/Frameworks";
				PRODUCT_BUNDLE_IDENTIFIER = "org.countrysidebible.TWU-TVTests";
				PRODUCT_NAME = "$(TARGET_NAME)";
				SWIFT_VERSION = 3.0;
				TEST_HOST = "$(BUILT_PRODUCTS_DIR)/TWU TV.app/TWU TV";
			};
			name = Release;
		};
		17812BAB1EEEE10100894B45 /* Debug */ = {
			isa = XCBuildConfiguration;
			buildSettings = {
				ALWAYS_EMBED_SWIFT_STANDARD_LIBRARIES = YES;
				DEVELOPMENT_TEAM = 35U7HMB59T;
				INFOPLIST_FILE = "TWU TVUITests/Info.plist";
				LD_RUNPATH_SEARCH_PATHS = "$(inherited) @executable_path/Frameworks @loader_path/Frameworks";
				PRODUCT_BUNDLE_IDENTIFIER = "org.countrysidebible.TWU-TVUITests";
				PRODUCT_NAME = "$(TARGET_NAME)";
				SWIFT_VERSION = 3.0;
				TEST_TARGET_NAME = "TWU TV";
			};
			name = Debug;
		};
		17812BAC1EEEE10100894B45 /* Release */ = {
			isa = XCBuildConfiguration;
			buildSettings = {
				ALWAYS_EMBED_SWIFT_STANDARD_LIBRARIES = YES;
				DEVELOPMENT_TEAM = 35U7HMB59T;
				INFOPLIST_FILE = "TWU TVUITests/Info.plist";
				LD_RUNPATH_SEARCH_PATHS = "$(inherited) @executable_path/Frameworks @loader_path/Frameworks";
				PRODUCT_BUNDLE_IDENTIFIER = "org.countrysidebible.TWU-TVUITests";
				PRODUCT_NAME = "$(TARGET_NAME)";
				SWIFT_VERSION = 3.0;
				TEST_TARGET_NAME = "TWU TV";
			};
			name = Release;
		};
/* End XCBuildConfiguration section */

/* Begin XCConfigurationList section */
		17812B781EEEE10100894B45 /* Build configuration list for PBXProject "TWU TV" */ = {
			isa = XCConfigurationList;
			buildConfigurations = (
				17812BA21EEEE10100894B45 /* Debug */,
				17812BA31EEEE10100894B45 /* Release */,
			);
			defaultConfigurationIsVisible = 0;
			defaultConfigurationName = Release;
		};
		17812BA41EEEE10100894B45 /* Build configuration list for PBXNativeTarget "TWU TV" */ = {
			isa = XCConfigurationList;
			buildConfigurations = (
				17812BA51EEEE10100894B45 /* Debug */,
				17812BA61EEEE10100894B45 /* Release */,
			);
			defaultConfigurationIsVisible = 0;
			defaultConfigurationName = Release;
		};
		17812BA71EEEE10100894B45 /* Build configuration list for PBXNativeTarget "TWU TVTests" */ = {
			isa = XCConfigurationList;
			buildConfigurations = (
				17812BA81EEEE10100894B45 /* Debug */,
				17812BA91EEEE10100894B45 /* Release */,
			);
			defaultConfigurationIsVisible = 0;
			defaultConfigurationName = Release;
		};
		17812BAA1EEEE10100894B45 /* Build configuration list for PBXNativeTarget "TWU TVUITests" */ = {
			isa = XCConfigurationList;
			buildConfigurations = (
				17812BAB1EEEE10100894B45 /* Debug */,
				17812BAC1EEEE10100894B45 /* Release */,
			);
			defaultConfigurationIsVisible = 0;
			defaultConfigurationName = Release;
		};
/* End XCConfigurationList section */
	};
	rootObject = 17812B751EEEE10100894B45 /* Project object */;
}
